
Microsoft Visual Studio Solution File, Format Version 12.00
# Visual Studio 15
VisualStudioVersion = 15.0.27703.2042
MinimumVisualStudioVersion = 10.0.40219.1
Project("{FAE04EC0-301F-11D3-BF4B-00C04F79EFBC}") = "PatternAppState", "PatternAppState\PatternAppState.csproj", "{0FF1A667-A49F-4F96-936C-D4A0083E3EF5}"
EndProject
Global
	GlobalSection(SolutionConfigurationPlatforms) = preSolution
		Debug|Any CPU = Debug|Any CPU
		Release|Any CPU = Release|Any CPU
	EndGlobalSection
	GlobalSection(ProjectConfigurationPlatforms) = postSolution
		{0FF1A667-A49F-4F96-936C-D4A0083E3EF5}.Debug|Any CPU.ActiveCfg = Debug|Any CPU
		{0FF1A667-A49F-4F96-936C-D4A0083E3EF5}.Debug|Any CPU.Build.0 = Debug|Any CPU
		{0FF1A667-A49F-4F96-936C-D4A0083E3EF5}.Release|Any CPU.ActiveCfg = Release|Any CPU
		{0FF1A667-A49F-4F96-936C-D4A0083E3EF5}.Release|Any CPU.Build.0 = Release|Any CPU
	EndGlobalSection
	GlobalSection(SolutionProperties) = preSolution
		HideSolutionNode = FALSE
	EndGlobalSection
	GlobalSection(ExtensibilityGlobals) = postSolution
		SolutionGuid = {4A2710B5-AD76-4B9D-B6A9-9237FBD057F6}
	EndGlobalSection
EndGlobal
